#include <iostream>
#include <windows.h>
using namespace std;

class Kettle {
public:
    string brand;
    int capacity;

    Kettle(string b, int c) {
        brand = b;
        capacity = c;
    }

    void info() {
        cout << "Електрочайник: " << brand << ", " << capacity << " мл\n";
    }
};

class Book {
public:
    string title;
    string author;

    Book(string t, string a) {
        title = t;
        author = a;
    }

    void info() {
        cout << "Книга:" << title << " автора " << author << "\n";
    }
};

class Phone {
public:
    string model;
    int storageGB;

    Phone(string m, int s) {
        model = m;
        storageGB = s;
    }

    void info() {
        cout << "Телефон: " << model << ", " << storageGB << " ГБ\n";
    }
};

class Pen {
public:
    string color;
    bool gel;

    Pen(string c, bool g) {
        color = c;
        gel = g;
    }

    void info() {
        cout << "Ручка: " << (gel ? "гелева" : "звичайна") << ", колір " << color << "\n";
    }
};

class Banknote {
public:
    int value;
    string currency;

    Banknote(int v, string cur) {
        value = v;
        currency = cur;
    }

    void info() {
        cout << "Купюра: " << value << " " << currency << "\n";
    }
};

int main() {
    SetConsoleOutputCP(1251);
    SetConsoleCP(1251);
    Kettle k("Philips", 1500);
    Book b("Тіні забутих предків", "Михайло Коцюбинський");
    Phone p("iPhone 13", 128);
    Pen pen("синій", true);
    Banknote note(1000, "гривень");

    k.info();
    b.info();
    p.info();
    pen.info();
    note.info();

    
}
