#include <iostream>
//#include <windows.h>
//using namespace std;
//
//class Kettle {
//public:
//    string brand;
//    int capacity;
//
//    Kettle(string brand, int capacity) {
//        this->brand = brand;
//        this->capacity = capacity;
//    }
//
//    void setBrand(string brand) {
//        this->brand = brand;
//    }
//
//    void setCapacity(int capacity) {
//        this->capacity = capacity;
//    }
//
//    void info() {
//        cout << "Електрочайник: " << brand << ", " << capacity << " мл\n";
//    }
//};
//
//class Book {
//public:
//    string title;
//    string author;
//
//    Book(string title, string author) {
//        this->title = title;
//        this->author = author;
//    }
//
//    void setTitle(string title) {
//        this->title = title;
//    }
//
//    void setAuthor(string author) {
//        this->author = author;
//    }
//
//    void info() {
//        cout << "Книга: " << title << " автора " << author << "\n";
//    }
//};
//
//class Phone {
//public:
//    string model;
//    int storageGB;
//
//    Phone(string model, int storageGB) {
//        this->model = model;
//        this->storageGB = storageGB;
//    }
//
//    void setModel(string model) {
//        this->model = model;
//    }
//
//    void setStorageGB(int storageGB) {
//        this->storageGB = storageGB;
//    }
//
//    void info() {
//        cout << "Телефон: " << model << ", " << storageGB << " ГБ\n";
//    }
//};
//
//class Pen {
//public:
//    string color;
//    bool gel;
//
//    Pen(string color, bool gel) {
//        this->color = color;
//        this->gel = gel;
//    }
//
//    void setColor(string color) {
//        this->color = color;
//    }
//
//    void setGel(bool gel) {
//        this->gel = gel;
//    }
//
//    void info() {
//        cout << "Ручка: " << (gel ? "гелева" : "звичайна") << ", колір " << color << "\n";
//    }
//};
//
//class Banknote {
//public:
//    int value;
//    string currency;
//
//    Banknote(int value, string currency) {
//        this->value = value;
//        this->currency = currency;
//    }
//
//    void setValue(int value) {
//        this->value = value;
//    }
//
//    void setCurrency(string currency) {
//        this->currency = currency;
//    }
//
//    void info() {
//        cout << "Купюра: " << value << " " << currency << "\n";
//    }
//};
